
Microsoft Visual Studio Solution File, Format Version 12.00
# Visual Studio Version 17
VisualStudioVersion = 17.0.31717.71
MinimumVisualStudioVersion = 10.0.40219.1
Project("{FAE04EC0-301F-11D3-BF4B-00C04F79EFBC}") = "StreamSourceTest", "StreamSourceTest.csproj", "{1F86BBDC-269C-4C0C-BFF3-0C222567AF84}"
EndProject
Global
	GlobalSection(SolutionConfigurationPlatforms) = preSolution
		Debug|Any CPU = Debug|Any CPU
		Release|Any CPU = Release|Any CPU
	EndGlobalSection
	GlobalSection(ProjectConfigurationPlatforms) = postSolution
		{1F86BBDC-269C-4C0C-BFF3-0C222567AF84}.Debug|Any CPU.ActiveCfg = Debug|Any CPU
		{1F86BBDC-269C-4C0C-BFF3-0C222567AF84}.Debug|Any CPU.Build.0 = Debug|Any CPU
		{1F86BBDC-269C-4C0C-BFF3-0C222567AF84}.Release|Any CPU.ActiveCfg = Release|Any CPU
		{1F86BBDC-269C-4C0C-BFF3-0C222567AF84}.Release|Any CPU.Build.0 = Release|Any CPU
	EndGlobalSection
	GlobalSection(SolutionProperties) = preSolution
		HideSolutionNode = FALSE
	EndGlobalSection
	GlobalSection(ExtensibilityGlobals) = postSolution
		SolutionGuid = {E602CC1E-F87E-4C4A-BEE1-7AC24DE7BC33}
	EndGlobalSection
EndGlobal
